
Microsoft Visual Studio Solution File, Format Version 12.00
# Visual Studio Version 16
VisualStudioVersion = 16.0.29209.62
MinimumVisualStudioVersion = 10.0.40219.1
Project("{F2A71F9B-5D33-465A-A702-920D77279786}") = "custom_sweeper", "custom_sweeper\custom_sweeper.fsproj", "{5AB64BD6-A7E7-47D5-9867-B6502EC80AAB}"
EndProject
Project("{F2A71F9B-5D33-465A-A702-920D77279786}") = "simple_tracer", "simple_tracer\simple_tracer.fsproj", "{89943B58-B0CC-4284-AD23-EEF977EC98FC}"
EndProject
Project("{F2A71F9B-5D33-465A-A702-920D77279786}") = "common", "common\common.fsproj", "{B9B57145-34D8-4704-B817-06DE880563E0}"
EndProject
Global
	GlobalSection(SolutionConfigurationPlatforms) = preSolution
		Debug|x64 = Debug|x64
		Release|x64 = Release|x64
	EndGlobalSection
	GlobalSection(ProjectConfigurationPlatforms) = postSolution
		{5AB64BD6-A7E7-47D5-9867-B6502EC80AAB}.Debug|x64.ActiveCfg = Debug|x64
		{5AB64BD6-A7E7-47D5-9867-B6502EC80AAB}.Debug|x64.Build.0 = Debug|x64
		{5AB64BD6-A7E7-47D5-9867-B6502EC80AAB}.Release|x64.ActiveCfg = Release|x64
		{5AB64BD6-A7E7-47D5-9867-B6502EC80AAB}.Release|x64.Build.0 = Release|x64
		{89943B58-B0CC-4284-AD23-EEF977EC98FC}.Debug|x64.ActiveCfg = Debug|x64
		{89943B58-B0CC-4284-AD23-EEF977EC98FC}.Debug|x64.Build.0 = Debug|x64
		{89943B58-B0CC-4284-AD23-EEF977EC98FC}.Release|x64.ActiveCfg = Release|x64
		{89943B58-B0CC-4284-AD23-EEF977EC98FC}.Release|x64.Build.0 = Release|x64
		{B9B57145-34D8-4704-B817-06DE880563E0}.Debug|x64.ActiveCfg = Debug|x64
		{B9B57145-34D8-4704-B817-06DE880563E0}.Debug|x64.Build.0 = Debug|x64
		{B9B57145-34D8-4704-B817-06DE880563E0}.Release|x64.ActiveCfg = Release|x64
		{B9B57145-34D8-4704-B817-06DE880563E0}.Release|x64.Build.0 = Release|x64
	EndGlobalSection
	GlobalSection(SolutionProperties) = preSolution
		HideSolutionNode = FALSE
	EndGlobalSection
	GlobalSection(ExtensibilityGlobals) = postSolution
		SolutionGuid = {4376B169-C0F6-439E-860C-C65AA832BC4F}
	EndGlobalSection
EndGlobal
